// !$*UTF8*$!
{
	archiveVersion = 1;
	classes = {
	};
	objectVersion = 50;
	objects = {

/* Begin PBXBuildFile section */
		7E22E7AB21CD520300B2EB02 /* AppDelegate.swift in Sources */ = {isa = PBXBuildFile; fileRef = 7E22E7AA21CD520300B2EB02 /* AppDelegate.swift */; };
		7E22E7AD21CD520300B2EB02 /* loginViewController.swift in Sources */ = {isa = PBXBuildFile; fileRef = 7E22E7AC21CD520300B2EB02 /* loginViewController.swift */; };
		7E22E7B021CD520300B2EB02 /* Main.storyboard in Resources */ = {isa = PBXBuildFile; fileRef = 7E22E7AE21CD520300B2EB02 /* Main.storyboard */; };
		7E22E7B321CD520300B2EB02 /* Friday_MapsProject.xcdatamodeld in Sources */ = {isa = PBXBuildFile; fileRef = 7E22E7B121CD520300B2EB02 /* Friday_MapsProject.xcdatamodeld */; };
		7E22E7B521CD520800B2EB02 /* Assets.xcassets in Resources */ = {isa = PBXBuildFile; fileRef = 7E22E7B421CD520800B2EB02 /* Assets.xcassets */; };
		7E22E7C321CD8F8E00B2EB02 /* TabBarControllerViewController.swift in Sources */ = {isa = PBXBuildFile; fileRef = 7E22E7C221CD8F8E00B2EB02 /* TabBarControllerViewController.swift */; };
		7E22E7C621D13FDD00B2EB02 /* SignUpViewController.swift in Sources */ = {isa = PBXBuildFile; fileRef = 7E22E7C521D13FDD00B2EB02 /* SignUpViewController.swift */; };
		7E22E7C821D1B14900B2EB02 /* AlamofireViewController.swift in Sources */ = {isa = PBXBuildFile; fileRef = 7E22E7C721D1B14900B2EB02 /* AlamofireViewController.swift */; };
		7E22E7CA21D3383A00B2EB02 /* Alamofire.framework in Frameworks */ = {isa = PBXBuildFile; fileRef = 7E22E7C921D3383A00B2EB02 /* Alamofire.framework */; };
		7E22E7CD21D3D3E200B2EB02 /* AlamofireFirstViewController.swift in Sources */ = {isa = PBXBuildFile; fileRef = 7E22E7CC21D3D3E200B2EB02 /* AlamofireFirstViewController.swift */; };
		BBC825E9FB8E9B6E67853CC5 /* Pods_Friday_MapsProject.framework in Frameworks */ = {isa = PBXBuildFile; fileRef = 9AE2CA4FBC1A79E410A817D1 /* Pods_Friday_MapsProject.framework */; };
/* End PBXBuildFile section */

/* Begin PBXFileReference section */
		3320C1FB4C8DD223D7F5511F /* Pods-Friday_MapsProject.debug.xcconfig */ = {isa = PBXFileReference; includeInIndex = 1; lastKnownFileType = text.xcconfig; name = "Pods-Friday_MapsProject.debug.xcconfig"; path = "Pods/Target Support Files/Pods-Friday_MapsProject/Pods-Friday_MapsProject.debug.xcconfig"; sourceTree = "<group>"; };
		7E22E7A721CD520300B2EB02 /* Friday_MapsProject.app */ = {isa = PBXFileReference; explicitFileType = wrapper.application; includeInIndex = 0; path = Friday_MapsProject.app; sourceTree = BUILT_PRODUCTS_DIR; };
		7E22E7AA21CD520300B2EB02 /* AppDelegate.swift */ = {isa = PBXFileReference; lastKnownFileType = sourcecode.swift; path = AppDelegate.swift; sourceTree = "<group>"; };
		7E22E7AC21CD520300B2EB02 /* loginViewController.swift */ = {isa = PBXFileReference; lastKnownFileType = sourcecode.swift; path = loginViewController.swift; sourceTree = "<group>"; };
		7E22E7AF21CD520300B2EB02 /* Base */ = {isa = PBXFileReference; lastKnownFileType = file.storyboard; name = Base; path = Base.lproj/Main.storyboard; sourceTree = "<group>"; };
		7E22E7B221CD520300B2EB02 /* Friday_MapsProject.xcdatamodel */ = {isa = PBXFileReference; lastKnownFileType = wrapper.xcdatamodel; path = Friday_MapsProject.xcdatamodel; sourceTree = "<group>"; };
		7E22E7B421CD520800B2EB02 /* Assets.xcassets */ = {isa = PBXFileReference; lastKnownFileType = folder.assetcatalog; path = Assets.xcassets; sourceTree = "<group>"; };
		7E22E7B921CD520800B2EB02 /* Info.plist */ = {isa = PBXFileReference; lastKnownFileType = text.plist.xml; path = Info.plist; sourceTree = "<group>"; };
		7E22E7C221CD8F8E00B2EB02 /* TabBarControllerViewController.swift */ = {isa = PBXFileReference; lastKnownFileType = sourcecode.swift; path = TabBarControllerViewController.swift; sourceTree = "<group>"; };
		7E22E7C521D13FDD00B2EB02 /* SignUpViewController.swift */ = {isa = PBXFileReference; lastKnownFileType = sourcecode.swift; path = SignUpViewController.swift; sourceTree = "<group>"; };
		7E22E7C721D1B14900B2EB02 /* AlamofireViewController.swift */ = {isa = PBXFileReference; lastKnownFileType = sourcecode.swift; path = AlamofireViewController.swift; sourceTree = "<group>"; };
		7E22E7C921D3383A00B2EB02 /* Alamofire.framework */ = {isa = PBXFileReference; explicitFileType = wrapper.framework; path = Alamofire.framework; sourceTree = BUILT_PRODUCTS_DIR; };
		7E22E7CC21D3D3E200B2EB02 /* AlamofireFirstViewController.swift */ = {isa = PBXFileReference; lastKnownFileType = sourcecode.swift; path = AlamofireFirstViewController.swift; sourceTree = "<group>"; };
		9AE2CA4FBC1A79E410A817D1 /* Pods_Friday_MapsProject.framework */ = {isa = PBXFileReference; explicitFileType = wrapper.framework; includeInIndex = 0; path = Pods_Friday_MapsProject.framework; sourceTree = BUILT_PRODUCTS_DIR; };
		D23FFDA0BBDB8BC84A06DB50 /* Pods-Friday_MapsProject.release.xcconfig */ = {isa = PBXFileReference; includeInIndex = 1; lastKnownFileType = text.xcconfig; name = "Pods-Friday_MapsProject.release.xcconfig"; path = "Pods/Target Support Files/Pods-Friday_MapsProject/Pods-Friday_MapsProject.release.xcconfig"; sourceTree = "<group>"; };
/* End PBXFileReference section */

/* Begin PBXFrameworksBuildPhase section */
		7E22E7A421CD520300B2EB02 /* Frameworks */ = {
			isa = PBXFrameworksBuildPhase;
			buildActionMask = 2147483647;
			files = (
				7E22E7CA21D3383A00B2EB02 /* Alamofire.framework in Frameworks */,
				BBC825E9FB8E9B6E67853CC5 /* Pods_Friday_MapsProject.framework in Frameworks */,
			);
			runOnlyForDeploymentPostprocessing = 0;
		};
/* End PBXFrameworksBuildPhase section */

/* Begin PBXGroup section */
		2980DE87694FD465FE042EDB /* Pods */ = {
			isa = PBXGroup;
			children = (
				3320C1FB4C8DD223D7F5511F /* Pods-Friday_MapsProject.debug.xcconfig */,
				D23FFDA0BBDB8BC84A06DB50 /* Pods-Friday_MapsProject.release.xcconfig */,
			);
			name = Pods;
			sourceTree = "<group>";
		};
		7E22E79E21CD520300B2EB02 = {
			isa = PBXGroup;
			children = (
				7E22E7A921CD520300B2EB02 /* Friday_MapsProject */,
				7E22E7A821CD520300B2EB02 /* Products */,
				2980DE87694FD465FE042EDB /* Pods */,
				A4F2599446D267E842BA18DF /* Frameworks */,
			);
			sourceTree = "<group>";
		};
		7E22E7A821CD520300B2EB02 /* Products */ = {
			isa = PBXGroup;
			children = (
				7E22E7A721CD520300B2EB02 /* Friday_MapsProject.app */,
			);
			name = Products;
			sourceTree = "<group>";
		};
		7E22E7A921CD520300B2EB02 /* Friday_MapsProject */ = {
			isa = PBXGroup;
			children = (
				7E22E7AA21CD520300B2EB02 /* AppDelegate.swift */,
				7E22E7AC21CD520300B2EB02 /* loginViewController.swift */,
				7E22E7AE21CD520300B2EB02 /* Main.storyboard */,
				7E22E7B421CD520800B2EB02 /* Assets.xcassets */,
				7E22E7C221CD8F8E00B2EB02 /* TabBarControllerViewController.swift */,
				7E22E7C421D13F8F00B2EB02 /* Account */,
				7E22E7B921CD520800B2EB02 /* Info.plist */,
				7E22E7B121CD520300B2EB02 /* Friday_MapsProject.xcdatamodeld */,
			);
			path = Friday_MapsProject;
			sourceTree = "<group>";
		};
		7E22E7C421D13F8F00B2EB02 /* Account */ = {
			isa = PBXGroup;
			children = (
				7E22E7C521D13FDD00B2EB02 /* SignUpViewController.swift */,
				7E22E7CC21D3D3E200B2EB02 /* AlamofireFirstViewController.swift */,
				7E22E7C721D1B14900B2EB02 /* AlamofireViewController.swift */,
			);
			path = Account;
			sourceTree = "<group>";
		};
		A4F2599446D267E842BA18DF /* Frameworks */ = {
			isa = PBXGroup;
			children = (
				7E22E7C921D3383A00B2EB02 /* Alamofire.framework */,
				9AE2CA4FBC1A79E410A817D1 /* Pods_Friday_MapsProject.framework */,
			);
			name = Frameworks;
			sourceTree = "<group>";
		};
/* End PBXGroup section */

/* Begin PBXNativeTarget section */
		7E22E7A621CD520300B2EB02 /* Friday_MapsProject */ = {
			isa = PBXNativeTarget;
			buildConfigurationList = 7E22E7BC21CD520800B2EB02 /* Build configuration list for PBXNativeTarget "Friday_MapsProject" */;
			buildPhases = (
				F7DD44E922B296D23E26C9DE /* [CP] Check Pods Manifest.lock */,
				7E22E7A321CD520300B2EB02 /* Sources */,
				7E22E7A421CD520300B2EB02 /* Frameworks */,
				7E22E7A521CD520300B2EB02 /* Resources */,
				025938E9E352701FF261D895 /* [CP] Copy Pods Resources */,
				1B885B4003D7DFF30C6B66FC /* [CP] Embed Pods Frameworks */,
			);
			buildRules = (
			);
			dependencies = (
			);
			name = Friday_MapsProject;
			productName = Friday_MapsProject;
			productReference = 7E22E7A721CD520300B2EB02 /* Friday_MapsProject.app */;
			productType = "com.apple.product-type.application";
		};
/* End PBXNativeTarget section */

/* Begin PBXProject section */
		7E22E79F21CD520300B2EB02 /* Project object */ = {
			isa = PBXProject;
			attributes = {
				LastSwiftUpdateCheck = 1010;
				LastUpgradeCheck = 1010;
				ORGANIZATIONNAME = "Mounik Yelakanti";
				TargetAttributes = {
					7E22E7A621CD520300B2EB02 = {
						CreatedOnToolsVersion = 10.1;
					};
				};
			};
			buildConfigurationList = 7E22E7A221CD520300B2EB02 /* Build configuration list for PBXProject "Friday_MapsProject" */;
			compatibilityVersion = "Xcode 9.3";
			developmentRegion = en;
			hasScannedForEncodings = 0;
			knownRegions = (
				en,
				Base,
			);
			mainGroup = 7E22E79E21CD520300B2EB02;
			productRefGroup = 7E22E7A821CD520300B2EB02 /* Products */;
			projectDirPath = "";
			projectRoot = "";
			targets = (
				7E22E7A621CD520300B2EB02 /* Friday_MapsProject */,
			);
		};
/* End PBXProject section */

/* Begin PBXResourcesBuildPhase section */
		7E22E7A521CD520300B2EB02 /* Resources */ = {
			isa = PBXResourcesBuildPhase;
			buildActionMask = 2147483647;
			files = (
				7E22E7B521CD520800B2EB02 /* Assets.xcassets in Resources */,
				7E22E7B021CD520300B2EB02 /* Main.storyboard in Resources */,
			);
			runOnlyForDeploymentPostprocessing = 0;
		};
/* End PBXResourcesBuildPhase section */

/* Begin PBXShellScriptBuildPhase section */
		025938E9E352701FF261D895 /* [CP] Copy Pods Resources */ = {
			isa = PBXShellScriptBuildPhase;
			buildActionMask = 2147483647;
			files = (
			);
			inputFileListPaths = (
			);
			inputPaths = (
				"${SRCROOT}/Pods/Target Support Files/Pods-Friday_MapsProject/Pods-Friday_MapsProject-resources.sh",
				"${PODS_ROOT}/GoogleMaps/Maps/Frameworks/GoogleMaps.framework/Resources/GoogleMaps.bundle",
				"${PODS_ROOT}/GooglePlaces/Frameworks/GooglePlaces.framework/Resources/GooglePlaces.bundle",
			);
			name = "[CP] Copy Pods Resources";
			outputFileListPaths = (
			);
			outputPaths = (
				"${TARGET_BUILD_DIR}/${UNLOCALIZED_RESOURCES_FOLDER_PATH}/GoogleMaps.bundle",
				"${TARGET_BUILD_DIR}/${UNLOCALIZED_RESOURCES_FOLDER_PATH}/GooglePlaces.bundle",
			);
			runOnlyForDeploymentPostprocessing = 0;
			shellPath = /bin/sh;
			shellScript = "\"${SRCROOT}/Pods/Target Support Files/Pods-Friday_MapsProject/Pods-Friday_MapsProject-resources.sh\"\n";
			showEnvVarsInLog = 0;
		};
		1B885B4003D7DFF30C6B66FC /* [CP] Embed Pods Frameworks */ = {
			isa = PBXShellScriptBuildPhase;
			buildActionMask = 2147483647;
			files = (
			);
			inputFileListPaths = (
			);
			inputPaths = (
				"${SRCROOT}/Pods/Target Support Files/Pods-Friday_MapsProject/Pods-Friday_MapsProject-frameworks.sh",
				"${BUILT_PRODUCTS_DIR}/Alamofire/Alamofire.framework",
				"${BUILT_PRODUCTS_DIR}/Realm/Realm.framework",
				"${BUILT_PRODUCTS_DIR}/RealmSwift/RealmSwift.framework",
			);
			name = "[CP] Embed Pods Frameworks";
			outputFileListPaths = (
			);
			outputPaths = (
				"${TARGET_BUILD_DIR}/${FRAMEWORKS_FOLDER_PATH}/Alamofire.framework",
				"${TARGET_BUILD_DIR}/${FRAMEWORKS_FOLDER_PATH}/Realm.framework",
				"${TARGET_BUILD_DIR}/${FRAMEWORKS_FOLDER_PATH}/RealmSwift.framework",
			);
			runOnlyForDeploymentPostprocessing = 0;
			shellPath = /bin/sh;
			shellScript = "\"${SRCROOT}/Pods/Target Support Files/Pods-Friday_MapsProject/Pods-Friday_MapsProject-frameworks.sh\"\n";
			showEnvVarsInLog = 0;
		};
		F7DD44E922B296D23E26C9DE /* [CP] Check Pods Manifest.lock */ = {
			isa = PBXShellScriptBuildPhase;
			buildActionMask = 2147483647;
			files = (
			);
			inputFileListPaths = (
			);
			inputPaths = (
				"${PODS_PODFILE_DIR_PATH}/Podfile.lock",
				"${PODS_ROOT}/Manifest.lock",
			);
			name = "[CP] Check Pods Manifest.lock";
			outputFileListPaths = (
			);
			outputPaths = (
				"$(DERIVED_FILE_DIR)/Pods-Friday_MapsProject-checkManifestLockResult.txt",
			);
			runOnlyForDeploymentPostprocessing = 0;
			shellPath = /bin/sh;
			shellScript = "diff \"${PODS_PODFILE_DIR_PATH}/Podfile.lock\" \"${PODS_ROOT}/Manifest.lock\" > /dev/null\nif [ $? != 0 ] ; then\n    # print error to STDERR\n    echo \"error: The sandbox is not in sync with the Podfile.lock. Run 'pod install' or update your CocoaPods installation.\" >&2\n    exit 1\nfi\n# This output is used by Xcode 'outputs' to avoid re-running this script phase.\necho \"SUCCESS\" > \"${SCRIPT_OUTPUT_FILE_0}\"\n";
			showEnvVarsInLog = 0;
		};
/* End PBXShellScriptBuildPhase section */

/* Begin PBXSourcesBuildPhase section */
		7E22E7A321CD520300B2EB02 /* Sources */ = {
			isa = PBXSourcesBuildPhase;
			buildActionMask = 2147483647;
			files = (
				7E22E7AD21CD520300B2EB02 /* loginViewController.swift in Sources */,
				7E22E7C821D1B14900B2EB02 /* AlamofireViewController.swift in Sources */,
				7E22E7AB21CD520300B2EB02 /* AppDelegate.swift in Sources */,
				7E22E7CD21D3D3E200B2EB02 /* AlamofireFirstViewController.swift in Sources */,
				7E22E7C321CD8F8E00B2EB02 /* TabBarControllerViewController.swift in Sources */,
				7E22E7B321CD520300B2EB02 /* Friday_MapsProject.xcdatamodeld in Sources */,
				7E22E7C621D13FDD00B2EB02 /* SignUpViewController.swift in Sources */,
			);
			runOnlyForDeploymentPostprocessing = 0;
		};
/* End PBXSourcesBuildPhase section */

/* Begin PBXVariantGroup section */
		7E22E7AE21CD520300B2EB02 /* Main.storyboard */ = {
			isa = PBXVariantGroup;
			children = (
				7E22E7AF21CD520300B2EB02 /* Base */,
			);
			name = Main.storyboard;
			sourceTree = "<group>";
		};
/* End PBXVariantGroup section */

/* Begin XCBuildConfiguration section */
		7E22E7BA21CD520800B2EB02 /* Debug */ = {
			isa = XCBuildConfiguration;
			buildSettings = {
				ALWAYS_SEARCH_USER_PATHS = NO;
				CLANG_ANALYZER_NONNULL = YES;
				CLANG_ANALYZER_NUMBER_OBJECT_CONVERSION = YES_AGGRESSIVE;
				CLANG_CXX_LANGUAGE_STANDARD = "gnu++14";
				CLANG_CXX_LIBRARY = "libc++";
				CLANG_ENABLE_MODULES = YES;
				CLANG_ENABLE_OBJC_ARC = YES;
				CLANG_ENABLE_OBJC_WEAK = YES;
				CLANG_WARN_BLOCK_CAPTURE_AUTORELEASING = YES;
				CLANG_WARN_BOOL_CONVERSION = YES;
				CLANG_WARN_COMMA = YES;
				CLANG_WARN_CONSTANT_CONVERSION = YES;
				CLANG_WARN_DEPRECATED_OBJC_IMPLEMENTATIONS = YES;
				CLANG_WARN_DIRECT_OBJC_ISA_USAGE = YES_ERROR;
				CLANG_WARN_DOCUMENTATION_COMMENTS = YES;
				CLANG_WARN_EMPTY_BODY = YES;
				CLANG_WARN_ENUM_CONVERSION = YES;
				CLANG_WARN_INFINITE_RECURSION = YES;
				CLANG_WARN_INT_CONVERSION = YES;
				CLANG_WARN_NON_LITERAL_NULL_CONVERSION = YES;
				CLANG_WARN_OBJC_IMPLICIT_RETAIN_SELF = YES;
				CLANG_WARN_OBJC_LITERAL_CONVERSION = YES;
				CLANG_WARN_OBJC_ROOT_CLASS = YES_ERROR;
				CLANG_WARN_RANGE_LOOP_ANALYSIS = YES;
				CLANG_WARN_STRICT_PROTOTYPES = YES;
				CLANG_WARN_SUSPICIOUS_MOVE = YES;
				CLANG_WARN_UNGUARDED_AVAILABILITY = YES_AGGRESSIVE;
				CLANG_WARN_UNREACHABLE_CODE = YES;
				CLANG_WARN__DUPLICATE_METHOD_MATCH = YES;
				CODE_SIGN_IDENTITY = "iPhone Developer";
				COPY_PHASE_STRIP = NO;
				DEBUG_INFORMATION_FORMAT = dwarf;
				ENABLE_STRICT_OBJC_MSGSEND = YES;
				ENABLE_TESTABILITY = YES;
				GCC_C_LANGUAGE_STANDARD = gnu11;
				GCC_DYNAMIC_NO_PIC = NO;
				GCC_NO_COMMON_BLOCKS = YES;
				GCC_OPTIMIZATION_LEVEL = 0;
				GCC_PREPROCESSOR_DEFINITIONS = (
					"DEBUG=1",
					"$(inherited)",
				);
				GCC_WARN_64_TO_32_BIT_CONVERSION = YES;
				GCC_WARN_ABOUT_RETURN_TYPE = YES_ERROR;
				GCC_WARN_UNDECLARED_SELECTOR = YES;
				GCC_WARN_UNINITIALIZED_AUTOS = YES_AGGRESSIVE;
				GCC_WARN_UNUSED_FUNCTION = YES;
				GCC_WARN_UNUSED_VARIABLE = YES;
				IPHONEOS_DEPLOYMENT_TARGET = 12.1;
				MTL_ENABLE_DEBUG_INFO = INCLUDE_SOURCE;
				MTL_FAST_MATH = YES;
				ONLY_ACTIVE_ARCH = YES;
				SDKROOT = iphoneos;
				SWIFT_ACTIVE_COMPILATION_CONDITIONS = DEBUG;
				SWIFT_OPTIMIZATION_LEVEL = "-Onone";
			};
			name = Debug;
		};
		7E22E7BB21CD520800B2EB02 /* Release */ = {
			isa = XCBuildConfiguration;
			buildSettings = {
				ALWAYS_SEARCH_USER_PATHS = NO;
				CLANG_ANALYZER_NONNULL = YES;
				CLANG_ANALYZER_NUMBER_OBJECT_CONVERSION = YES_AGGRESSIVE;
				CLANG_CXX_LANGUAGE_STANDARD = "gnu++14";
				CLANG_CXX_LIBRARY = "libc++";
				CLANG_ENABLE_MODULES = YES;
				CLANG_ENABLE_OBJC_ARC = YES;
				CLANG_ENABLE_OBJC_WEAK = YES;
				CLANG_WARN_BLOCK_CAPTURE_AUTORELEASING = YES;
				CLANG_WARN_BOOL_CONVERSION = YES;
				CLANG_WARN_COMMA = YES;
				CLANG_WARN_CONSTANT_CONVERSION = YES;
				CLANG_WARN_DEPRECATED_OBJC_IMPLEMENTATIONS = YES;
				CLANG_WARN_DIRECT_OBJC_ISA_USAGE = YES_ERROR;
				CLANG_WARN_DOCUMENTATION_COMMENTS = YES;
				CLANG_WARN_EMPTY_BODY = YES;
				CLANG_WARN_ENUM_CONVERSION = YES;
				CLANG_WARN_INFINITE_RECURSION = YES;
				CLANG_WARN_INT_CONVERSION = YES;
				CLANG_WARN_NON_LITERAL_NULL_CONVERSION = YES;
				CLANG_WARN_OBJC_IMPLICIT_RETAIN_SELF = YES;
				CLANG_WARN_OBJC_LITERAL_CONVERSION = YES;
				CLANG_WARN_OBJC_ROOT_CLASS = YES_ERROR;
				CLANG_WARN_RANGE_LOOP_ANALYSIS = YES;
				CLANG_WARN_STRICT_PROTOTYPES = YES;
				CLANG_WARN_SUSPICIOUS_MOVE = YES;
				CLANG_WARN_UNGUARDED_AVAILABILITY = YES_AGGRESSIVE;
				CLANG_WARN_UNREACHABLE_CODE = YES;
				CLANG_WARN__DUPLICATE_METHOD_MATCH = YES;
				CODE_SIGN_IDENTITY = "iPhone Developer";
				COPY_PHASE_STRIP = NO;
				DEBUG_INFORMATION_FORMAT = "dwarf-with-dsym";
				ENABLE_NS_ASSERTIONS = NO;
				ENABLE_STRICT_OBJC_MSGSEND = YES;
				GCC_C_LANGUAGE_STANDARD = gnu11;
				GCC_NO_COMMON_BLOCKS = YES;
				GCC_WARN_64_TO_32_BIT_CONVERSION = YES;
				GCC_WARN_ABOUT_RETURN_TYPE = YES_ERROR;
				GCC_WARN_UNDECLARED_SELECTOR = YES;
				GCC_WARN_UNINITIALIZED_AUTOS = YES_AGGRESSIVE;
				GCC_WARN_UNUSED_FUNCTION = YES;
				GCC_WARN_UNUSED_VARIABLE = YES;
				IPHONEOS_DEPLOYMENT_TARGET = 12.1;
				MTL_ENABLE_DEBUG_INFO = NO;
				MTL_FAST_MATH = YES;
				SDKROOT = iphoneos;
				SWIFT_COMPILATION_MODE = wholemodule;
				SWIFT_OPTIMIZATION_LEVEL = "-O";
				VALIDATE_PRODUCT = YES;
			};
			name = Release;
		};
		7E22E7BD21CD520800B2EB02 /* Debug */ = {
			isa = XCBuildConfiguration;
			baseConfigurationReference = 3320C1FB4C8DD223D7F5511F /* Pods-Friday_MapsProject.debug.xcconfig */;
			buildSettings = {
				ASSETCATALOG_COMPILER_APPICON_NAME = AppIcon;
				CODE_SIGN_STYLE = Automatic;
				INFOPLIST_FILE = Friday_MapsProject/Info.plist;
				LD_RUNPATH_SEARCH_PATHS = (
					"$(inherited)",
					"@executable_path/Frameworks",
				);
				PRODUCT_BUNDLE_IDENTIFIER = "PickerView.Friday-MapsProject";
				PRODUCT_NAME = "$(TARGET_NAME)";
				SWIFT_VERSION = 4.2;
				TARGETED_DEVICE_FAMILY = "1,2";
			};
			name = Debug;
		};
		7E22E7BE21CD520800B2EB02 /* Release */ = {
			isa = XCBuildConfiguration;
			baseConfigurationReference = D23FFDA0BBDB8BC84A06DB50 /* Pods-Friday_MapsProject.release.xcconfig */;
			buildSettings = {
				ASSETCATALOG_COMPILER_APPICON_NAME = AppIcon;
				CODE_SIGN_STYLE = Automatic;
				INFOPLIST_FILE = Friday_MapsProject/Info.plist;
				LD_RUNPATH_SEARCH_PATHS = (
					"$(inherited)",
					"@executable_path/Frameworks",
				);
				PRODUCT_BUNDLE_IDENTIFIER = "PickerView.Friday-MapsProject";
				PRODUCT_NAME = "$(TARGET_NAME)";
				SWIFT_VERSION = 4.2;
				TARGETED_DEVICE_FAMILY = "1,2";
			};
			name = Release;
		};
/* End XCBuildConfiguration section */

/* Begin XCConfigurationList section */
		7E22E7A221CD520300B2EB02 /* Build configuration list for PBXProject "Friday_MapsProject" */ = {
			isa = XCConfigurationList;
			buildConfigurations = (
				7E22E7BA21CD520800B2EB02 /* Debug */,
				7E22E7BB21CD520800B2EB02 /* Release */,
			);
			defaultConfigurationIsVisible = 0;
			defaultConfigurationName = Release;
		};
		7E22E7BC21CD520800B2EB02 /* Build configuration list for PBXNativeTarget "Friday_MapsProject" */ = {
			isa = XCConfigurationList;
			buildConfigurations = (
				7E22E7BD21CD520800B2EB02 /* Debug */,
				7E22E7BE21CD520800B2EB02 /* Release */,
			);
			defaultConfigurationIsVisible = 0;
			defaultConfigurationName = Release;
		};
/* End XCConfigurationList section */

/* Begin XCVersionGroup section */
		7E22E7B121CD520300B2EB02 /* Friday_MapsProject.xcdatamodeld */ = {
			isa = XCVersionGroup;
			children = (
				7E22E7B221CD520300B2EB02 /* Friday_MapsProject.xcdatamodel */,
			);
			currentVersion = 7E22E7B221CD520300B2EB02 /* Friday_MapsProject.xcdatamodel */;
			path = Friday_MapsProject.xcdatamodeld;
			sourceTree = "<group>";
			versionGroupType = wrapper.xcdatamodel;
		};
/* End XCVersionGroup section */
	};
	rootObject = 7E22E79F21CD520300B2EB02 /* Project object */;
}
